
Microsoft Visual Studio Solution File, Format Version 12.00
# Visual Studio Version 17
VisualStudioVersion = 17.1.32407.343
MinimumVisualStudioVersion = 10.0.40219.1
Project("{9A19103F-16F7-4668-BE54-9A1E7A4F7556}") = "DevIO.Business", "src\DevIO.Business\DevIO.Business.csproj", "{A924CBE0-08D4-4E6B-B01D-74BD5BBCE63C}"
EndProject
Project("{9A19103F-16F7-4668-BE54-9A1E7A4F7556}") = "DevIO.Data", "src\DevIO.Data\DevIO.Data.csproj", "{06798DB7-3048-4862-A0C6-6843D06C8627}"
EndProject
Project("{9A19103F-16F7-4668-BE54-9A1E7A4F7556}") = "DevIOApi", "src\DevIOApi\DevIOApi.csproj", "{2A8590F5-198E-440E-95F6-AFEAE6A0D058}"
EndProject
Global
	GlobalSection(SolutionConfigurationPlatforms) = preSolution
		Debug|Any CPU = Debug|Any CPU
		Release|Any CPU = Release|Any CPU
	EndGlobalSection
	GlobalSection(ProjectConfigurationPlatforms) = postSolution
		{A924CBE0-08D4-4E6B-B01D-74BD5BBCE63C}.Debug|Any CPU.ActiveCfg = Debug|Any CPU
		{A924CBE0-08D4-4E6B-B01D-74BD5BBCE63C}.Debug|Any CPU.Build.0 = Debug|Any CPU
		{A924CBE0-08D4-4E6B-B01D-74BD5BBCE63C}.Release|Any CPU.ActiveCfg = Release|Any CPU
		{A924CBE0-08D4-4E6B-B01D-74BD5BBCE63C}.Release|Any CPU.Build.0 = Release|Any CPU
		{06798DB7-3048-4862-A0C6-6843D06C8627}.Debug|Any CPU.ActiveCfg = Debug|Any CPU
		{06798DB7-3048-4862-A0C6-6843D06C8627}.Debug|Any CPU.Build.0 = Debug|Any CPU
		{06798DB7-3048-4862-A0C6-6843D06C8627}.Release|Any CPU.ActiveCfg = Release|Any CPU
		{06798DB7-3048-4862-A0C6-6843D06C8627}.Release|Any CPU.Build.0 = Release|Any CPU
		{2A8590F5-198E-440E-95F6-AFEAE6A0D058}.Debug|Any CPU.ActiveCfg = Debug|Any CPU
		{2A8590F5-198E-440E-95F6-AFEAE6A0D058}.Debug|Any CPU.Build.0 = Debug|Any CPU
		{2A8590F5-198E-440E-95F6-AFEAE6A0D058}.Release|Any CPU.ActiveCfg = Release|Any CPU
		{2A8590F5-198E-440E-95F6-AFEAE6A0D058}.Release|Any CPU.Build.0 = Release|Any CPU
	EndGlobalSection
	GlobalSection(SolutionProperties) = preSolution
		HideSolutionNode = FALSE
	EndGlobalSection
	GlobalSection(ExtensibilityGlobals) = postSolution
		SolutionGuid = {D8470B8B-CE0B-4CF9-B1B1-0E245D7D4F44}
	EndGlobalSection
EndGlobal
